// !$*UTF8*$!
{
	archiveVersion = 1;
	classes = {
	};
	objectVersion = 50;
	objects = {

/* Begin PBXBuildFile section */
		BBAD2BBCCEBECDA0981BC249 /* Pods_InnoSelectorDemo2.framework in Frameworks */ = {isa = PBXBuildFile; fileRef = AFE06080EC538E7E921BEAF3 /* Pods_InnoSelectorDemo2.framework */; };
		CC00C2C420BDBCCD00026893 /* AppDelegate.swift in Sources */ = {isa = PBXBuildFile; fileRef = CC00C2C320BDBCCD00026893 /* AppDelegate.swift */; };
		CC00C2C620BDBCCD00026893 /* ViewController.swift in Sources */ = {isa = PBXBuildFile; fileRef = CC00C2C520BDBCCD00026893 /* ViewController.swift */; };
		CC00C2C920BDBCCD00026893 /* Main.storyboard in Resources */ = {isa = PBXBuildFile; fileRef = CC00C2C720BDBCCD00026893 /* Main.storyboard */; };
		CC00C2CB20BDBCCE00026893 /* Assets.xcassets in Resources */ = {isa = PBXBuildFile; fileRef = CC00C2CA20BDBCCE00026893 /* Assets.xcassets */; };
		CC00C2CE20BDBCCE00026893 /* LaunchScreen.storyboard in Resources */ = {isa = PBXBuildFile; fileRef = CC00C2CC20BDBCCE00026893 /* LaunchScreen.storyboard */; };
/* End PBXBuildFile section */

/* Begin PBXFileReference section */
		AFE06080EC538E7E921BEAF3 /* Pods_InnoSelectorDemo2.framework */ = {isa = PBXFileReference; explicitFileType = wrapper.framework; includeInIndex = 0; path = Pods_InnoSelectorDemo2.framework; sourceTree = BUILT_PRODUCTS_DIR; };
		B1DB9A22CA2F30392F71581E /* Pods-InnoSelectorDemo2.debug.xcconfig */ = {isa = PBXFileReference; includeInIndex = 1; lastKnownFileType = text.xcconfig; name = "Pods-InnoSelectorDemo2.debug.xcconfig"; path = "Pods/Target Support Files/Pods-InnoSelectorDemo2/Pods-InnoSelectorDemo2.debug.xcconfig"; sourceTree = "<group>"; };
		CC00C2C020BDBCCD00026893 /* InnoSelectorDemo2.app */ = {isa = PBXFileReference; explicitFileType = wrapper.application; includeInIndex = 0; path = InnoSelectorDemo2.app; sourceTree = BUILT_PRODUCTS_DIR; };
		CC00C2C320BDBCCD00026893 /* AppDelegate.swift */ = {isa = PBXFileReference; lastKnownFileType = sourcecode.swift; path = AppDelegate.swift; sourceTree = "<group>"; };
		CC00C2C520BDBCCD00026893 /* ViewController.swift */ = {isa = PBXFileReference; lastKnownFileType = sourcecode.swift; path = ViewController.swift; sourceTree = "<group>"; };
		CC00C2C820BDBCCD00026893 /* Base */ = {isa = PBXFileReference; lastKnownFileType = file.storyboard; name = Base; path = Base.lproj/Main.storyboard; sourceTree = "<group>"; };
		CC00C2CA20BDBCCE00026893 /* Assets.xcassets */ = {isa = PBXFileReference; lastKnownFileType = folder.assetcatalog; path = Assets.xcassets; sourceTree = "<group>"; };
		CC00C2CD20BDBCCE00026893 /* Base */ = {isa = PBXFileReference; lastKnownFileType = file.storyboard; name = Base; path = Base.lproj/LaunchScreen.storyboard; sourceTree = "<group>"; };
		CC00C2CF20BDBCCE00026893 /* Info.plist */ = {isa = PBXFileReference; lastKnownFileType = text.plist.xml; path = Info.plist; sourceTree = "<group>"; };
		CC1D8CF1C1D2D378575D45C6 /* Pods-InnoSelectorDemo2.release.xcconfig */ = {isa = PBXFileReference; includeInIndex = 1; lastKnownFileType = text.xcconfig; name = "Pods-InnoSelectorDemo2.release.xcconfig"; path = "Pods/Target Support Files/Pods-InnoSelectorDemo2/Pods-InnoSelectorDemo2.release.xcconfig"; sourceTree = "<group>"; };
/* End PBXFileReference section */

/* Begin PBXFrameworksBuildPhase section */
		CC00C2BD20BDBCCD00026893 /* Frameworks */ = {
			isa = PBXFrameworksBuildPhase;
			buildActionMask = 2147483647;
			files = (
				BBAD2BBCCEBECDA0981BC249 /* Pods_InnoSelectorDemo2.framework in Frameworks */,
			);
			runOnlyForDeploymentPostprocessing = 0;
		};
/* End PBXFrameworksBuildPhase section */

/* Begin PBXGroup section */
		81F6C5FD2FBBDCAFE2B47384 /* Pods */ = {
			isa = PBXGroup;
			children = (
				B1DB9A22CA2F30392F71581E /* Pods-InnoSelectorDemo2.debug.xcconfig */,
				CC1D8CF1C1D2D378575D45C6 /* Pods-InnoSelectorDemo2.release.xcconfig */,
			);
			name = Pods;
			sourceTree = "<group>";
		};
		CC00C2B720BDBCCD00026893 = {
			isa = PBXGroup;
			children = (
				CC00C2C220BDBCCD00026893 /* InnoSelectorDemo2 */,
				CC00C2C120BDBCCD00026893 /* Products */,
				81F6C5FD2FBBDCAFE2B47384 /* Pods */,
				CE45E2CD453269B266B802B3 /* Frameworks */,
			);
			sourceTree = "<group>";
		};
		CC00C2C120BDBCCD00026893 /* Products */ = {
			isa = PBXGroup;
			children = (
				CC00C2C020BDBCCD00026893 /* InnoSelectorDemo2.app */,
			);
			name = Products;
			sourceTree = "<group>";
		};
		CC00C2C220BDBCCD00026893 /* InnoSelectorDemo2 */ = {
			isa = PBXGroup;
			children = (
				CC00C2C320BDBCCD00026893 /* AppDelegate.swift */,
				CC00C2C520BDBCCD00026893 /* ViewController.swift */,
				CC00C2C720BDBCCD00026893 /* Main.storyboard */,
				CC00C2CA20BDBCCE00026893 /* Assets.xcassets */,
				CC00C2CC20BDBCCE00026893 /* LaunchScreen.storyboard */,
				CC00C2CF20BDBCCE00026893 /* Info.plist */,
			);
			path = InnoSelectorDemo2;
			sourceTree = "<group>";
		};
		CE45E2CD453269B266B802B3 /* Frameworks */ = {
			isa = PBXGroup;
			children = (
				AFE06080EC538E7E921BEAF3 /* Pods_InnoSelectorDemo2.framework */,
			);
			name = Frameworks;
			sourceTree = "<group>";
		};
/* End PBXGroup section */

/* Begin PBXNativeTarget section */
		CC00C2BF20BDBCCD00026893 /* InnoSelectorDemo2 */ = {
			isa = PBXNativeTarget;
			buildConfigurationList = CC00C2D220BDBCCE00026893 /* Build configuration list for PBXNativeTarget "InnoSelectorDemo2" */;
			buildPhases = (
				2AB9692D6799EB57B42D93EF /* [CP] Check Pods Manifest.lock */,
				CC00C2BC20BDBCCD00026893 /* Sources */,
				CC00C2BD20BDBCCD00026893 /* Frameworks */,
				CC00C2BE20BDBCCD00026893 /* Resources */,
				51D699E838E8BE91FB8E4F6A /* [CP] Embed Pods Frameworks */,
			);
			buildRules = (
			);
			dependencies = (
			);
			name = InnoSelectorDemo2;
			productName = InnoSelectorDemo2;
			productReference = CC00C2C020BDBCCD00026893 /* InnoSelectorDemo2.app */;
			productType = "com.apple.product-type.application";
		};
/* End PBXNativeTarget section */

/* Begin PBXProject section */
		CC00C2B820BDBCCD00026893 /* Project object */ = {
			isa = PBXProject;
			attributes = {
				LastSwiftUpdateCheck = 0930;
				LastUpgradeCheck = 0930;
				ORGANIZATIONNAME = Innoplexus;
				TargetAttributes = {
					CC00C2BF20BDBCCD00026893 = {
						CreatedOnToolsVersion = 9.3.1;
					};
				};
			};
			buildConfigurationList = CC00C2BB20BDBCCD00026893 /* Build configuration list for PBXProject "InnoSelectorDemo2" */;
			compatibilityVersion = "Xcode 9.3";
			developmentRegion = en;
			hasScannedForEncodings = 0;
			knownRegions = (
				en,
				Base,
			);
			mainGroup = CC00C2B720BDBCCD00026893;
			productRefGroup = CC00C2C120BDBCCD00026893 /* Products */;
			projectDirPath = "";
			projectRoot = "";
			targets = (
				CC00C2BF20BDBCCD00026893 /* InnoSelectorDemo2 */,
			);
		};
/* End PBXProject section */

/* Begin PBXResourcesBuildPhase section */
		CC00C2BE20BDBCCD00026893 /* Resources */ = {
			isa = PBXResourcesBuildPhase;
			buildActionMask = 2147483647;
			files = (
				CC00C2CE20BDBCCE00026893 /* LaunchScreen.storyboard in Resources */,
				CC00C2CB20BDBCCE00026893 /* Assets.xcassets in Resources */,
				CC00C2C920BDBCCD00026893 /* Main.storyboard in Resources */,
			);
			runOnlyForDeploymentPostprocessing = 0;
		};
/* End PBXResourcesBuildPhase section */

/* Begin PBXShellScriptBuildPhase section */
		2AB9692D6799EB57B42D93EF /* [CP] Check Pods Manifest.lock */ = {
			isa = PBXShellScriptBuildPhase;
			buildActionMask = 2147483647;
			files = (
			);
			inputPaths = (
				"${PODS_PODFILE_DIR_PATH}/Podfile.lock",
				"${PODS_ROOT}/Manifest.lock",
			);
			name = "[CP] Check Pods Manifest.lock";
			outputPaths = (
				"$(DERIVED_FILE_DIR)/Pods-InnoSelectorDemo2-checkManifestLockResult.txt",
			);
			runOnlyForDeploymentPostprocessing = 0;
			shellPath = /bin/sh;
			shellScript = "diff \"${PODS_PODFILE_DIR_PATH}/Podfile.lock\" \"${PODS_ROOT}/Manifest.lock\" > /dev/null\nif [ $? != 0 ] ; then\n    # print error to STDERR\n    echo \"error: The sandbox is not in sync with the Podfile.lock. Run 'pod install' or update your CocoaPods installation.\" >&2\n    exit 1\nfi\n# This output is used by Xcode 'outputs' to avoid re-running this script phase.\necho \"SUCCESS\" > \"${SCRIPT_OUTPUT_FILE_0}\"\n";
			showEnvVarsInLog = 0;
		};
		51D699E838E8BE91FB8E4F6A /* [CP] Embed Pods Frameworks */ = {
			isa = PBXShellScriptBuildPhase;
			buildActionMask = 2147483647;
			files = (
			);
			inputPaths = (
				"${SRCROOT}/Pods/Target Support Files/Pods-InnoSelectorDemo2/Pods-InnoSelectorDemo2-frameworks.sh",
				"${BUILT_PRODUCTS_DIR}/InnoSelector/InnoSelector.framework",
			);
			name = "[CP] Embed Pods Frameworks";
			outputPaths = (
				"${TARGET_BUILD_DIR}/${FRAMEWORKS_FOLDER_PATH}/InnoSelector.framework",
			);
			runOnlyForDeploymentPostprocessing = 0;
			shellPath = /bin/sh;
			shellScript = "\"${SRCROOT}/Pods/Target Support Files/Pods-InnoSelectorDemo2/Pods-InnoSelectorDemo2-frameworks.sh\"\n";
			showEnvVarsInLog = 0;
		};
/* End PBXShellScriptBuildPhase section */

/* Begin PBXSourcesBuildPhase section */
		CC00C2BC20BDBCCD00026893 /* Sources */ = {
			isa = PBXSourcesBuildPhase;
			buildActionMask = 2147483647;
			files = (
				CC00C2C620BDBCCD00026893 /* ViewController.swift in Sources */,
				CC00C2C420BDBCCD00026893 /* AppDelegate.swift in Sources */,
			);
			runOnlyForDeploymentPostprocessing = 0;
		};
/* End PBXSourcesBuildPhase section */

/* Begin PBXVariantGroup section */
		CC00C2C720BDBCCD00026893 /* Main.storyboard */ = {
			isa = PBXVariantGroup;
			children = (
				CC00C2C820BDBCCD00026893 /* Base */,
			);
			name = Main.storyboard;
			sourceTree = "<group>";
		};
		CC00C2CC20BDBCCE00026893 /* LaunchScreen.storyboard */ = {
			isa = PBXVariantGroup;
			children = (
				CC00C2CD20BDBCCE00026893 /* Base */,
			);
			name = LaunchScreen.storyboard;
			sourceTree = "<group>";
		};
/* End PBXVariantGroup section */

/* Begin XCBuildConfiguration section */
		CC00C2D020BDBCCE00026893 /* Debug */ = {
			isa = XCBuildConfiguration;
			buildSettings = {
				ALWAYS_SEARCH_USER_PATHS = NO;
				CLANG_ANALYZER_NONNULL = YES;
				CLANG_ANALYZER_NUMBER_OBJECT_CONVERSION = YES_AGGRESSIVE;
				CLANG_CXX_LANGUAGE_STANDARD = "gnu++14";
				CLANG_CXX_LIBRARY = "libc++";
				CLANG_ENABLE_MODULES = YES;
				CLANG_ENABLE_OBJC_ARC = YES;
				CLANG_ENABLE_OBJC_WEAK = YES;
				CLANG_WARN_BLOCK_CAPTURE_AUTORELEASING = YES;
				CLANG_WARN_BOOL_CONVERSION = YES;
				CLANG_WARN_COMMA = YES;
				CLANG_WARN_CONSTANT_CONVERSION = YES;
				CLANG_WARN_DEPRECATED_OBJC_IMPLEMENTATIONS = YES;
				CLANG_WARN_DIRECT_OBJC_ISA_USAGE = YES_ERROR;
				CLANG_WARN_DOCUMENTATION_COMMENTS = YES;
				CLANG_WARN_EMPTY_BODY = YES;
				CLANG_WARN_ENUM_CONVERSION = YES;
				CLANG_WARN_INFINITE_RECURSION = YES;
				CLANG_WARN_INT_CONVERSION = YES;
				CLANG_WARN_NON_LITERAL_NULL_CONVERSION = YES;
				CLANG_WARN_OBJC_IMPLICIT_RETAIN_SELF = YES;
				CLANG_WARN_OBJC_LITERAL_CONVERSION = YES;
				CLANG_WARN_OBJC_ROOT_CLASS = YES_ERROR;
				CLANG_WARN_RANGE_LOOP_ANALYSIS = YES;
				CLANG_WARN_STRICT_PROTOTYPES = YES;
				CLANG_WARN_SUSPICIOUS_MOVE = YES;
				CLANG_WARN_UNGUARDED_AVAILABILITY = YES_AGGRESSIVE;
				CLANG_WARN_UNREACHABLE_CODE = YES;
				CLANG_WARN__DUPLICATE_METHOD_MATCH = YES;
				CODE_SIGN_IDENTITY = "iPhone Developer";
				COPY_PHASE_STRIP = NO;
				DEBUG_INFORMATION_FORMAT = dwarf;
				ENABLE_STRICT_OBJC_MSGSEND = YES;
				ENABLE_TESTABILITY = YES;
				GCC_C_LANGUAGE_STANDARD = gnu11;
				GCC_DYNAMIC_NO_PIC = NO;
				GCC_NO_COMMON_BLOCKS = YES;
				GCC_OPTIMIZATION_LEVEL = 0;
				GCC_PREPROCESSOR_DEFINITIONS = (
					"DEBUG=1",
					"$(inherited)",
				);
				GCC_WARN_64_TO_32_BIT_CONVERSION = YES;
				GCC_WARN_ABOUT_RETURN_TYPE = YES_ERROR;
				GCC_WARN_UNDECLARED_SELECTOR = YES;
				GCC_WARN_UNINITIALIZED_AUTOS = YES_AGGRESSIVE;
				GCC_WARN_UNUSED_FUNCTION = YES;
				GCC_WARN_UNUSED_VARIABLE = YES;
				IPHONEOS_DEPLOYMENT_TARGET = 11.3;
				MTL_ENABLE_DEBUG_INFO = YES;
				ONLY_ACTIVE_ARCH = YES;
				SDKROOT = iphoneos;
				SWIFT_ACTIVE_COMPILATION_CONDITIONS = DEBUG;
				SWIFT_OPTIMIZATION_LEVEL = "-Onone";
			};
			name = Debug;
		};
		CC00C2D120BDBCCE00026893 /* Release */ = {
			isa = XCBuildConfiguration;
			buildSettings = {
				ALWAYS_SEARCH_USER_PATHS = NO;
				CLANG_ANALYZER_NONNULL = YES;
				CLANG_ANALYZER_NUMBER_OBJECT_CONVERSION = YES_AGGRESSIVE;
				CLANG_CXX_LANGUAGE_STANDARD = "gnu++14";
				CLANG_CXX_LIBRARY = "libc++";
				CLANG_ENABLE_MODULES = YES;
				CLANG_ENABLE_OBJC_ARC = YES;
				CLANG_ENABLE_OBJC_WEAK = YES;
				CLANG_WARN_BLOCK_CAPTURE_AUTORELEASING = YES;
				CLANG_WARN_BOOL_CONVERSION = YES;
				CLANG_WARN_COMMA = YES;
				CLANG_WARN_CONSTANT_CONVERSION = YES;
				CLANG_WARN_DEPRECATED_OBJC_IMPLEMENTATIONS = YES;
				CLANG_WARN_DIRECT_OBJC_ISA_USAGE = YES_ERROR;
				CLANG_WARN_DOCUMENTATION_COMMENTS = YES;
				CLANG_WARN_EMPTY_BODY = YES;
				CLANG_WARN_ENUM_CONVERSION = YES;
				CLANG_WARN_INFINITE_RECURSION = YES;
				CLANG_WARN_INT_CONVERSION = YES;
				CLANG_WARN_NON_LITERAL_NULL_CONVERSION = YES;
				CLANG_WARN_OBJC_IMPLICIT_RETAIN_SELF = YES;
				CLANG_WARN_OBJC_LITERAL_CONVERSION = YES;
				CLANG_WARN_OBJC_ROOT_CLASS = YES_ERROR;
				CLANG_WARN_RANGE_LOOP_ANALYSIS = YES;
				CLANG_WARN_STRICT_PROTOTYPES = YES;
				CLANG_WARN_SUSPICIOUS_MOVE = YES;
				CLANG_WARN_UNGUARDED_AVAILABILITY = YES_AGGRESSIVE;
				CLANG_WARN_UNREACHABLE_CODE = YES;
				CLANG_WARN__DUPLICATE_METHOD_MATCH = YES;
				CODE_SIGN_IDENTITY = "iPhone Developer";
				COPY_PHASE_STRIP = NO;
				DEBUG_INFORMATION_FORMAT = "dwarf-with-dsym";
				ENABLE_NS_ASSERTIONS = NO;
				ENABLE_STRICT_OBJC_MSGSEND = YES;
				GCC_C_LANGUAGE_STANDARD = gnu11;
				GCC_NO_COMMON_BLOCKS = YES;
				GCC_WARN_64_TO_32_BIT_CONVERSION = YES;
				GCC_WARN_ABOUT_RETURN_TYPE = YES_ERROR;
				GCC_WARN_UNDECLARED_SELECTOR = YES;
				GCC_WARN_UNINITIALIZED_AUTOS = YES_AGGRESSIVE;
				GCC_WARN_UNUSED_FUNCTION = YES;
				GCC_WARN_UNUSED_VARIABLE = YES;
				IPHONEOS_DEPLOYMENT_TARGET = 11.3;
				MTL_ENABLE_DEBUG_INFO = NO;
				SDKROOT = iphoneos;
				SWIFT_COMPILATION_MODE = wholemodule;
				SWIFT_OPTIMIZATION_LEVEL = "-O";
				VALIDATE_PRODUCT = YES;
			};
			name = Release;
		};
		CC00C2D320BDBCCE00026893 /* Debug */ = {
			isa = XCBuildConfiguration;
			baseConfigurationReference = B1DB9A22CA2F30392F71581E /* Pods-InnoSelectorDemo2.debug.xcconfig */;
			buildSettings = {
				ASSETCATALOG_COMPILER_APPICON_NAME = AppIcon;
				CODE_SIGN_STYLE = Automatic;
				DEVELOPMENT_TEAM = 8QCQLAGU8T;
				INFOPLIST_FILE = InnoSelectorDemo2/Info.plist;
				LD_RUNPATH_SEARCH_PATHS = "$(inherited) @executable_path/Frameworks";
				PRODUCT_BUNDLE_IDENTIFIER = com.innoplexus.InnoSelectorDemo2;
				PRODUCT_NAME = "$(TARGET_NAME)";
				SWIFT_VERSION = 4.0;
				TARGETED_DEVICE_FAMILY = "1,2";
			};
			name = Debug;
		};
		CC00C2D420BDBCCE00026893 /* Release */ = {
			isa = XCBuildConfiguration;
			baseConfigurationReference = CC1D8CF1C1D2D378575D45C6 /* Pods-InnoSelectorDemo2.release.xcconfig */;
			buildSettings = {
				ASSETCATALOG_COMPILER_APPICON_NAME = AppIcon;
				CODE_SIGN_STYLE = Automatic;
				DEVELOPMENT_TEAM = 8QCQLAGU8T;
				INFOPLIST_FILE = InnoSelectorDemo2/Info.plist;
				LD_RUNPATH_SEARCH_PATHS = "$(inherited) @executable_path/Frameworks";
				PRODUCT_BUNDLE_IDENTIFIER = com.innoplexus.InnoSelectorDemo2;
				PRODUCT_NAME = "$(TARGET_NAME)";
				SWIFT_VERSION = 4.0;
				TARGETED_DEVICE_FAMILY = "1,2";
			};
			name = Release;
		};
/* End XCBuildConfiguration section */

/* Begin XCConfigurationList section */
		CC00C2BB20BDBCCD00026893 /* Build configuration list for PBXProject "InnoSelectorDemo2" */ = {
			isa = XCConfigurationList;
			buildConfigurations = (
				CC00C2D020BDBCCE00026893 /* Debug */,
				CC00C2D120BDBCCE00026893 /* Release */,
			);
			defaultConfigurationIsVisible = 0;
			defaultConfigurationName = Release;
		};
		CC00C2D220BDBCCE00026893 /* Build configuration list for PBXNativeTarget "InnoSelectorDemo2" */ = {
			isa = XCConfigurationList;
			buildConfigurations = (
				CC00C2D320BDBCCE00026893 /* Debug */,
				CC00C2D420BDBCCE00026893 /* Release */,
			);
			defaultConfigurationIsVisible = 0;
			defaultConfigurationName = Release;
		};
/* End XCConfigurationList section */
	};
	rootObject = CC00C2B820BDBCCD00026893 /* Project object */;
}
