PODS:
  - InnoSelector (1.1)

DEPENDENCIES:
  - InnoSelector (from `~/Documents/Innoplexus Projects/InnoSelector Originals/InnoSelector`)

EXTERNAL SOURCES:
  InnoSelector:
    :path: "~/Documents/Innoplexus Projects/InnoSelector Originals/InnoSelector"

SPEC CHECKSUMS:
  InnoSelector: 94579fb23c0c95294df2b1275fca1e397f8202ba

PODFILE CHECKSUM: a8a1519a955833babb4088378b4d517299e43406

COCOAPODS: 1.5.3
