PODS:
  - Alamofire (4.7.2)
  - InnoSelector (1.0):
    - Alamofire
    - ObjectMapper
  - ObjectMapper (3.2.0)

DEPENDENCIES:
  - InnoSelector

SPEC REPOS:
  https://github.com/cocoapods/specs.git:
    - Alamofire
    - InnoSelector
    - ObjectMapper

SPEC CHECKSUMS:
  Alamofire: e4fa87002c137ba2d8d634d2c51fabcda0d5c223
  InnoSelector: fe6e0b3bcd008b07258eace696741748df395834
  ObjectMapper: 5cccd2de6f253eda859df8116a5a554d9769e859

PODFILE CHECKSUM: edd1396d919bfbdff7e52c8d81c0c35b19a96368

COCOAPODS: 1.5.3
